Microsoft Visual Studio Solution File, Format Version 8.00
Project("{8BC9CEB8-8B4A-11D0-8D11-00A0C91BC942}") = "EZEffect", "EZEffect.vcproj", "{2316CD89-8E6F-4E2F-83A4-5666495821DB}"
	ProjectSection(ProjectDependencies) = postProject
	EndProjectSection
EndProject
Global
	GlobalSection(SolutionConfiguration) = preSolution
		Debug = Debug
		Release = Release
	EndGlobalSection
	GlobalSection(ProjectConfiguration) = postSolution
		{2316CD89-8E6F-4E2F-83A4-5666495821DB}.Debug.ActiveCfg = Debug|Win32
		{2316CD89-8E6F-4E2F-83A4-5666495821DB}.Debug.Build.0 = Debug|Win32
		{2316CD89-8E6F-4E2F-83A4-5666495821DB}.Release.ActiveCfg = Release|Win32
		{2316CD89-8E6F-4E2F-83A4-5666495821DB}.Release.Build.0 = Release|Win32
	EndGlobalSection
	GlobalSection(ExtensibilityGlobals) = postSolution
	EndGlobalSection
	GlobalSection(ExtensibilityAddIns) = postSolution
	EndGlobalSection
EndGlobal
